
Microsoft Visual Studio Solution File, Format Version 12.00
# Visual Studio Version 17
VisualStudioVersion = 17.8.34322.80
MinimumVisualStudioVersion = 10.0.40219.1
Project("{FAE04EC0-301F-11D3-BF4B-00C04F79EFBC}") = "RadiantConnect", "RadiantConnect.csproj", "{C392D4AF-D1D2-4016-9D91-7858A62DD395}"
EndProject
Global
	GlobalSection(SolutionConfigurationPlatforms) = preSolution
		Debug|Any CPU = Debug|Any CPU
		Release|Any CPU = Release|Any CPU
	EndGlobalSection
	GlobalSection(ProjectConfigurationPlatforms) = postSolution
		{C392D4AF-D1D2-4016-9D91-7858A62DD395}.Debug|Any CPU.ActiveCfg = Debug|Any CPU
		{C392D4AF-D1D2-4016-9D91-7858A62DD395}.Debug|Any CPU.Build.0 = Debug|Any CPU
		{C392D4AF-D1D2-4016-9D91-7858A62DD395}.Release|Any CPU.ActiveCfg = Release|Any CPU
		{C392D4AF-D1D2-4016-9D91-7858A62DD395}.Release|Any CPU.Build.0 = Release|Any CPU
	EndGlobalSection
	GlobalSection(SolutionProperties) = preSolution
		HideSolutionNode = FALSE
	EndGlobalSection
	GlobalSection(ExtensibilityGlobals) = postSolution
		SolutionGuid = {2F326272-6E8A-4C00-BC34-78BDA52E5672}
	EndGlobalSection
EndGlobal
