
Microsoft Visual Studio Solution File, Format Version 12.00
# Visual Studio Version 17
VisualStudioVersion = 17.8.34322.80
MinimumVisualStudioVersion = 10.0.40219.1
Project("{9A19103F-16F7-4668-BE54-9A1E7A4F7556}") = "RadiantConnect", "RadiantConnect.csproj", "{C392D4AF-D1D2-4016-9D91-7858A62DD395}"
EndProject
Project("{FAE04EC0-301F-11D3-BF4B-00C04F79EFBC}") = "RadiantConnect.Tests", "RadiantConnect.Tests\RadiantConnect.Tests.csproj", "{FA9159F0-F11C-4165-98F5-910FA08FCB9F}"
EndProject
Project("{FAE04EC0-301F-11D3-BF4B-00C04F79EFBC}") = "RadiantTestSuite", "..\RadiantTestSuite\RadiantTestSuite.csproj", "{54FFE636-79FB-F9BD-A849-AB62591398FC}"
EndProject
Global
	GlobalSection(SolutionConfigurationPlatforms) = preSolution
		Debug|Any CPU = Debug|Any CPU
		Debug|x64 = Debug|x64
		Debug|x86 = Debug|x86
		Release|Any CPU = Release|Any CPU
		Release|x64 = Release|x64
		Release|x86 = Release|x86
	EndGlobalSection
	GlobalSection(ProjectConfigurationPlatforms) = postSolution
		{C392D4AF-D1D2-4016-9D91-7858A62DD395}.Debug|Any CPU.ActiveCfg = Debug|Any CPU
		{C392D4AF-D1D2-4016-9D91-7858A62DD395}.Debug|Any CPU.Build.0 = Debug|Any CPU
		{C392D4AF-D1D2-4016-9D91-7858A62DD395}.Debug|x64.ActiveCfg = Debug|Any CPU
		{C392D4AF-D1D2-4016-9D91-7858A62DD395}.Debug|x64.Build.0 = Debug|Any CPU
		{C392D4AF-D1D2-4016-9D91-7858A62DD395}.Debug|x86.ActiveCfg = Debug|Any CPU
		{C392D4AF-D1D2-4016-9D91-7858A62DD395}.Debug|x86.Build.0 = Debug|Any CPU
		{C392D4AF-D1D2-4016-9D91-7858A62DD395}.Release|Any CPU.ActiveCfg = Release|Any CPU
		{C392D4AF-D1D2-4016-9D91-7858A62DD395}.Release|Any CPU.Build.0 = Release|Any CPU
		{C392D4AF-D1D2-4016-9D91-7858A62DD395}.Release|x64.ActiveCfg = Release|Any CPU
		{C392D4AF-D1D2-4016-9D91-7858A62DD395}.Release|x64.Build.0 = Release|Any CPU
		{C392D4AF-D1D2-4016-9D91-7858A62DD395}.Release|x86.ActiveCfg = Release|Any CPU
		{C392D4AF-D1D2-4016-9D91-7858A62DD395}.Release|x86.Build.0 = Release|Any CPU
		{FA9159F0-F11C-4165-98F5-910FA08FCB9F}.Debug|Any CPU.ActiveCfg = Debug|Any CPU
		{FA9159F0-F11C-4165-98F5-910FA08FCB9F}.Debug|Any CPU.Build.0 = Debug|Any CPU
		{FA9159F0-F11C-4165-98F5-910FA08FCB9F}.Debug|x64.ActiveCfg = Debug|Any CPU
		{FA9159F0-F11C-4165-98F5-910FA08FCB9F}.Debug|x64.Build.0 = Debug|Any CPU
		{FA9159F0-F11C-4165-98F5-910FA08FCB9F}.Debug|x86.ActiveCfg = Debug|Any CPU
		{FA9159F0-F11C-4165-98F5-910FA08FCB9F}.Debug|x86.Build.0 = Debug|Any CPU
		{FA9159F0-F11C-4165-98F5-910FA08FCB9F}.Release|Any CPU.ActiveCfg = Release|Any CPU
		{FA9159F0-F11C-4165-98F5-910FA08FCB9F}.Release|Any CPU.Build.0 = Release|Any CPU
		{FA9159F0-F11C-4165-98F5-910FA08FCB9F}.Release|x64.ActiveCfg = Release|Any CPU
		{FA9159F0-F11C-4165-98F5-910FA08FCB9F}.Release|x64.Build.0 = Release|Any CPU
		{FA9159F0-F11C-4165-98F5-910FA08FCB9F}.Release|x86.ActiveCfg = Release|Any CPU
		{FA9159F0-F11C-4165-98F5-910FA08FCB9F}.Release|x86.Build.0 = Release|Any CPU
		{54FFE636-79FB-F9BD-A849-AB62591398FC}.Debug|Any CPU.ActiveCfg = Debug|Any CPU
		{54FFE636-79FB-F9BD-A849-AB62591398FC}.Debug|Any CPU.Build.0 = Debug|Any CPU
		{54FFE636-79FB-F9BD-A849-AB62591398FC}.Debug|x64.ActiveCfg = Debug|Any CPU
		{54FFE636-79FB-F9BD-A849-AB62591398FC}.Debug|x64.Build.0 = Debug|Any CPU
		{54FFE636-79FB-F9BD-A849-AB62591398FC}.Debug|x86.ActiveCfg = Debug|Any CPU
		{54FFE636-79FB-F9BD-A849-AB62591398FC}.Debug|x86.Build.0 = Debug|Any CPU
		{54FFE636-79FB-F9BD-A849-AB62591398FC}.Release|Any CPU.ActiveCfg = Release|Any CPU
		{54FFE636-79FB-F9BD-A849-AB62591398FC}.Release|Any CPU.Build.0 = Release|Any CPU
		{54FFE636-79FB-F9BD-A849-AB62591398FC}.Release|x64.ActiveCfg = Release|Any CPU
		{54FFE636-79FB-F9BD-A849-AB62591398FC}.Release|x64.Build.0 = Release|Any CPU
		{54FFE636-79FB-F9BD-A849-AB62591398FC}.Release|x86.ActiveCfg = Release|Any CPU
		{54FFE636-79FB-F9BD-A849-AB62591398FC}.Release|x86.Build.0 = Release|Any CPU
	EndGlobalSection
	GlobalSection(SolutionProperties) = preSolution
		HideSolutionNode = FALSE
	EndGlobalSection
	GlobalSection(ExtensibilityGlobals) = postSolution
		SolutionGuid = {2F326272-6E8A-4C00-BC34-78BDA52E5672}
	EndGlobalSection
EndGlobal
